// !$*UTF8*$!
{
	archiveVersion = 1;
	classes = {
	};
	objectVersion = 46;
	objects = {

/* Begin PBXBuildFile section */
		2D2A60A21EDF9772007CB521 /* AppDelegate.swift in Sources */ = {isa = PBXBuildFile; fileRef = 2D2A60A11EDF9772007CB521 /* AppDelegate.swift */; };
		2D2A60A41EDF9772007CB521 /* Assets.xcassets in Resources */ = {isa = PBXBuildFile; fileRef = 2D2A60A31EDF9772007CB521 /* Assets.xcassets */; };
		2D2A60A71EDF9773007CB521 /* MainMenu.xib in Resources */ = {isa = PBXBuildFile; fileRef = 2D2A60A51EDF9773007CB521 /* MainMenu.xib */; };
		2D626E451EF074C50057AC3F /* MASPreferences.framework in Frameworks */ = {isa = PBXBuildFile; fileRef = 2D697DD91EF074700053F576 /* MASPreferences.framework */; };
		2D626E461EF074C50057AC3F /* MASPreferences.framework in Embed Frameworks */ = {isa = PBXBuildFile; fileRef = 2D697DD91EF074700053F576 /* MASPreferences.framework */; settings = {ATTRIBUTES = (CodeSignOnCopy, RemoveHeadersOnCopy, ); }; };
		2D626E5C1EF07D4B0057AC3F /* AccountPrefs.swift in Sources */ = {isa = PBXBuildFile; fileRef = 2D626E5A1EF07D4B0057AC3F /* AccountPrefs.swift */; };
		2D626E5D1EF07D4B0057AC3F /* AccountPrefs.xib in Resources */ = {isa = PBXBuildFile; fileRef = 2D626E5B1EF07D4B0057AC3F /* AccountPrefs.xib */; };
		2D697DC01EF06BCD0053F576 /* XMLtoAtarashiiFormat.m in Sources */ = {isa = PBXBuildFile; fileRef = 2D697DBF1EF06BCD0053F576 /* XMLtoAtarashiiFormat.m */; };
		2D697DD71EF073410053F576 /* GeneralPref.swift in Sources */ = {isa = PBXBuildFile; fileRef = 2D697DD51EF073410053F576 /* GeneralPref.swift */; };
		2D697DD81EF073410053F576 /* GeneralPref.xib in Resources */ = {isa = PBXBuildFile; fileRef = 2D697DD61EF073410053F576 /* GeneralPref.xib */; };
		2D697DDA1EF074700053F576 /* MASPreferences.framework in Frameworks */ = {isa = PBXBuildFile; fileRef = 2D697DD91EF074700053F576 /* MASPreferences.framework */; };
		2D950EAA1EE1D2D7002BBF50 /* MyAnimeList.swift in Sources */ = {isa = PBXBuildFile; fileRef = 2D950EA91EE1D2D7002BBF50 /* MyAnimeList.swift */; };
		2D950EAC1EE1D317002BBF50 /* ListEntry.swift in Sources */ = {isa = PBXBuildFile; fileRef = 2D950EAB1EE1D317002BBF50 /* ListEntry.swift */; };
		2D950ED01EE1D6F5002BBF50 /* Alamofire.framework in Frameworks */ = {isa = PBXBuildFile; fileRef = 2D950EBD1EE1D4CC002BBF50 /* Alamofire.framework */; };
		2D950ED11EE1D6F5002BBF50 /* Alamofire.framework in Embed Frameworks */ = {isa = PBXBuildFile; fileRef = 2D950EBD1EE1D4CC002BBF50 /* Alamofire.framework */; settings = {ATTRIBUTES = (CodeSignOnCopy, RemoveHeadersOnCopy, ); }; };
		2D96BBAA1EF05CAA00EA12A1 /* Utility.swift in Sources */ = {isa = PBXBuildFile; fileRef = 2D96BBA91EF05CAA00EA12A1 /* Utility.swift */; };
		2D96BBC01EF05F1000EA12A1 /* SSKeychain.m in Sources */ = {isa = PBXBuildFile; fileRef = 2D96BBBD1EF05F1000EA12A1 /* SSKeychain.m */; };
		2D96BBC11EF05F1000EA12A1 /* SSKeychainQuery.m in Sources */ = {isa = PBXBuildFile; fileRef = 2D96BBBF1EF05F1000EA12A1 /* SSKeychainQuery.m */; };
		2D96BBC41EF0653B00EA12A1 /* XMLReader.m in Sources */ = {isa = PBXBuildFile; fileRef = 2D96BBC31EF0653B00EA12A1 /* XMLReader.m */; };
		2DA4A1821EF08E06007BFD33 /* useraccountviewer.swift in Sources */ = {isa = PBXBuildFile; fileRef = 2DA4A1801EF08E06007BFD33 /* useraccountviewer.swift */; };
		2DA4A1831EF08E06007BFD33 /* useraccountviewer.xib in Resources */ = {isa = PBXBuildFile; fileRef = 2DA4A1811EF08E06007BFD33 /* useraccountviewer.xib */; };
		2DDFFF201EEEF49700EB1509 /* OAuthSwift.framework in Frameworks */ = {isa = PBXBuildFile; fileRef = 2DDFFF131EEEF47100EB1509 /* OAuthSwift.framework */; };
		2DDFFF211EEEF49700EB1509 /* OAuthSwift.framework in Embed Frameworks */ = {isa = PBXBuildFile; fileRef = 2DDFFF131EEEF47100EB1509 /* OAuthSwift.framework */; settings = {ATTRIBUTES = (CodeSignOnCopy, RemoveHeadersOnCopy, ); }; };
		2DDFFF441EEEF4FB00EB1509 /* OAuthSwiftAlamofire.framework in Frameworks */ = {isa = PBXBuildFile; fileRef = 2DDFFF301EEEF4E000EB1509 /* OAuthSwiftAlamofire.framework */; };
		2DDFFF451EEEF4FB00EB1509 /* OAuthSwiftAlamofire.framework in Embed Frameworks */ = {isa = PBXBuildFile; fileRef = 2DDFFF301EEEF4E000EB1509 /* OAuthSwiftAlamofire.framework */; settings = {ATTRIBUTES = (CodeSignOnCopy, RemoveHeadersOnCopy, ); }; };
/* End PBXBuildFile section */

/* Begin PBXContainerItemProxy section */
		2D950EB81EE1D4CC002BBF50 /* PBXContainerItemProxy */ = {
			isa = PBXContainerItemProxy;
			containerPortal = 2D950EAD1EE1D4CC002BBF50 /* Alamofire.xcodeproj */;
			proxyType = 2;
			remoteGlobalIDString = F8111E3319A95C8B0040E7D1;
			remoteInfo = "Alamofire iOS";
		};
		2D950EBA1EE1D4CC002BBF50 /* PBXContainerItemProxy */ = {
			isa = PBXContainerItemProxy;
			containerPortal = 2D950EAD1EE1D4CC002BBF50 /* Alamofire.xcodeproj */;
			proxyType = 2;
			remoteGlobalIDString = F8111E3E19A95C8B0040E7D1;
			remoteInfo = "Alamofire iOS Tests";
		};
		2D950EBC1EE1D4CC002BBF50 /* PBXContainerItemProxy */ = {
			isa = PBXContainerItemProxy;
			containerPortal = 2D950EAD1EE1D4CC002BBF50 /* Alamofire.xcodeproj */;
			proxyType = 2;
			remoteGlobalIDString = 4DD67C0B1A5C55C900ED2280;
			remoteInfo = "Alamofire macOS";
		};
		2D950EBE1EE1D4CC002BBF50 /* PBXContainerItemProxy */ = {
			isa = PBXContainerItemProxy;
			containerPortal = 2D950EAD1EE1D4CC002BBF50 /* Alamofire.xcodeproj */;
			proxyType = 2;
			remoteGlobalIDString = F829C6B21A7A94F100A2CD59;
			remoteInfo = "Alamofire macOS Tests";
		};
		2D950EC01EE1D4CC002BBF50 /* PBXContainerItemProxy */ = {
			isa = PBXContainerItemProxy;
			containerPortal = 2D950EAD1EE1D4CC002BBF50 /* Alamofire.xcodeproj */;
			proxyType = 2;
			remoteGlobalIDString = 4CF626EF1BA7CB3E0011A099;
			remoteInfo = "Alamofire tvOS";
		};
		2D950EC21EE1D4CC002BBF50 /* PBXContainerItemProxy */ = {
			isa = PBXContainerItemProxy;
			containerPortal = 2D950EAD1EE1D4CC002BBF50 /* Alamofire.xcodeproj */;
			proxyType = 2;
			remoteGlobalIDString = 4CF626F81BA7CB3E0011A099;
			remoteInfo = "Alamofire tvOS Tests";
		};
		2D950EC41EE1D4CC002BBF50 /* PBXContainerItemProxy */ = {
			isa = PBXContainerItemProxy;
			containerPortal = 2D950EAD1EE1D4CC002BBF50 /* Alamofire.xcodeproj */;
			proxyType = 2;
			remoteGlobalIDString = E4202FE01B667AA100C997FB;
			remoteInfo = "Alamofire watchOS";
		};
		2D950ED21EE1D6F5002BBF50 /* PBXContainerItemProxy */ = {
			isa = PBXContainerItemProxy;
			containerPortal = 2D950EAD1EE1D4CC002BBF50 /* Alamofire.xcodeproj */;
			proxyType = 1;
			remoteGlobalIDString = 4DD67C0A1A5C55C900ED2280;
			remoteInfo = "Alamofire macOS";
		};
		2DDFFF101EEEF47100EB1509 /* PBXContainerItemProxy */ = {
			isa = PBXContainerItemProxy;
			containerPortal = 2DDFFEFF1EEEF47100EB1509 /* OAuthSwift.xcodeproj */;
			proxyType = 2;
			remoteGlobalIDString = F435027A1A6791B200038A29;
			remoteInfo = OAuthSwift;
		};
		2DDFFF121EEEF47100EB1509 /* PBXContainerItemProxy */ = {
			isa = PBXContainerItemProxy;
			containerPortal = 2DDFFEFF1EEEF47100EB1509 /* OAuthSwift.xcodeproj */;
			proxyType = 2;
			remoteGlobalIDString = C48B28021AFA598D00C7DEF6;
			remoteInfo = OAuthSwiftOSX;
		};
		2DDFFF141EEEF47100EB1509 /* PBXContainerItemProxy */ = {
			isa = PBXContainerItemProxy;
			containerPortal = 2DDFFEFF1EEEF47100EB1509 /* OAuthSwift.xcodeproj */;
			proxyType = 2;
			remoteGlobalIDString = C4B6EE1E1BF74CE300443596;
			remoteInfo = OAuthSwiftTVOS;
		};
		2DDFFF161EEEF47100EB1509 /* PBXContainerItemProxy */ = {
			isa = PBXContainerItemProxy;
			containerPortal = 2DDFFEFF1EEEF47100EB1509 /* OAuthSwift.xcodeproj */;
			proxyType = 2;
			remoteGlobalIDString = C40890C01C11B37000E3146A;
			remoteInfo = OAuthSwiftWatchOS;
		};
		2DDFFF181EEEF47100EB1509 /* PBXContainerItemProxy */ = {
			isa = PBXContainerItemProxy;
			containerPortal = 2DDFFEFF1EEEF47100EB1509 /* OAuthSwift.xcodeproj */;
			proxyType = 2;
			remoteGlobalIDString = F451E3C5195B8CD80051434C;
			remoteInfo = OAuthSwiftDemo;
		};
		2DDFFF1A1EEEF47100EB1509 /* PBXContainerItemProxy */ = {
			isa = PBXContainerItemProxy;
			containerPortal = 2DDFFEFF1EEEF47100EB1509 /* OAuthSwift.xcodeproj */;
			proxyType = 2;
			remoteGlobalIDString = C49FD5241AFB5DF500791E1A;
			remoteInfo = OAuthSwiftOSXDemo;
		};
		2DDFFF1C1EEEF47100EB1509 /* PBXContainerItemProxy */ = {
			isa = PBXContainerItemProxy;
			containerPortal = 2DDFFEFF1EEEF47100EB1509 /* OAuthSwift.xcodeproj */;
			proxyType = 2;
			remoteGlobalIDString = C4D50DF71BFB693F0053B624;
			remoteInfo = OAuthSwiftTests;
		};
		2DDFFF1E1EEEF48900EB1509 /* PBXContainerItemProxy */ = {
			isa = PBXContainerItemProxy;
			containerPortal = 2DDFFEFF1EEEF47100EB1509 /* OAuthSwift.xcodeproj */;
			proxyType = 1;
			remoteGlobalIDString = C48B28011AFA598D00C7DEF6;
			remoteInfo = OAuthSwiftOSX;
		};
		2DDFFF221EEEF49700EB1509 /* PBXContainerItemProxy */ = {
			isa = PBXContainerItemProxy;
			containerPortal = 2DDFFEFF1EEEF47100EB1509 /* OAuthSwift.xcodeproj */;
			proxyType = 1;
			remoteGlobalIDString = C48B28011AFA598D00C7DEF6;
			remoteInfo = OAuthSwiftOSX;
		};
		2DDFFF2B1EEEF4E000EB1509 /* PBXContainerItemProxy */ = {
			isa = PBXContainerItemProxy;
			containerPortal = 2DDFFF241EEEF4DF00EB1509 /* OAuthSwift-Alamofire.xcodeproj */;
			proxyType = 2;
			remoteGlobalIDString = C4D7F93F1BB7585900A6D40E;
			remoteInfo = OAuthSwiftAlamofire;
		};
		2DDFFF2D1EEEF4E000EB1509 /* PBXContainerItemProxy */ = {
			isa = PBXContainerItemProxy;
			containerPortal = 2DDFFF241EEEF4DF00EB1509 /* OAuthSwift-Alamofire.xcodeproj */;
			proxyType = 2;
			remoteGlobalIDString = C41CFE001C4806AA00569B80;
			remoteInfo = OAuthSwiftAlamofireTVOS;
		};
		2DDFFF2F1EEEF4E000EB1509 /* PBXContainerItemProxy */ = {
			isa = PBXContainerItemProxy;
			containerPortal = 2DDFFF241EEEF4DF00EB1509 /* OAuthSwift-Alamofire.xcodeproj */;
			proxyType = 2;
			remoteGlobalIDString = C41CFE0D1C4806C000569B80;
			remoteInfo = OAuthSwiftAlamofireOSX;
		};
		2DDFFF311EEEF4E000EB1509 /* PBXContainerItemProxy */ = {
			isa = PBXContainerItemProxy;
			containerPortal = 2DDFFF241EEEF4DF00EB1509 /* OAuthSwift-Alamofire.xcodeproj */;
			proxyType = 2;
			remoteGlobalIDString = C40C96DF1DA6498000197628;
			remoteInfo = OAuthSwiftAlamofireTests;
		};
		2DDFFF421EEEF4F300EB1509 /* PBXContainerItemProxy */ = {
			isa = PBXContainerItemProxy;
			containerPortal = 2DDFFF241EEEF4DF00EB1509 /* OAuthSwift-Alamofire.xcodeproj */;
			proxyType = 1;
			remoteGlobalIDString = C41CFE0C1C4806C000569B80;
			remoteInfo = OAuthSwiftAlamofireOSX;
		};
		2DDFFF461EEEF4FB00EB1509 /* PBXContainerItemProxy */ = {
			isa = PBXContainerItemProxy;
			containerPortal = 2DDFFF241EEEF4DF00EB1509 /* OAuthSwift-Alamofire.xcodeproj */;
			proxyType = 1;
			remoteGlobalIDString = C41CFE0C1C4806C000569B80;
			remoteInfo = OAuthSwiftAlamofireOSX;
		};
/* End PBXContainerItemProxy section */

/* Begin PBXCopyFilesBuildPhase section */
		2D950ED41EE1D6F5002BBF50 /* Embed Frameworks */ = {
			isa = PBXCopyFilesBuildPhase;
			buildActionMask = 2147483647;
			dstPath = "";
			dstSubfolderSpec = 10;
			files = (
				2DDFFF211EEEF49700EB1509 /* OAuthSwift.framework in Embed Frameworks */,
				2D950ED11EE1D6F5002BBF50 /* Alamofire.framework in Embed Frameworks */,
				2DDFFF451EEEF4FB00EB1509 /* OAuthSwiftAlamofire.framework in Embed Frameworks */,
				2D626E461EF074C50057AC3F /* MASPreferences.framework in Embed Frameworks */,
			);
			name = "Embed Frameworks";
			runOnlyForDeploymentPostprocessing = 0;
		};
/* End PBXCopyFilesBuildPhase section */

/* Begin PBXFileReference section */
		2D2A609E1EDF9772007CB521 /* AniLibrary Sync.app */ = {isa = PBXFileReference; explicitFileType = wrapper.application; includeInIndex = 0; path = "AniLibrary Sync.app"; sourceTree = BUILT_PRODUCTS_DIR; };
		2D2A60A11EDF9772007CB521 /* AppDelegate.swift */ = {isa = PBXFileReference; lastKnownFileType = sourcecode.swift; path = AppDelegate.swift; sourceTree = "<group>"; };
		2D2A60A31EDF9772007CB521 /* Assets.xcassets */ = {isa = PBXFileReference; lastKnownFileType = folder.assetcatalog; path = Assets.xcassets; sourceTree = "<group>"; };
		2D2A60A61EDF9773007CB521 /* Base */ = {isa = PBXFileReference; lastKnownFileType = file.xib; name = Base; path = Base.lproj/MainMenu.xib; sourceTree = "<group>"; };
		2D2A60A81EDF9773007CB521 /* Info.plist */ = {isa = PBXFileReference; lastKnownFileType = text.plist.xml; path = Info.plist; sourceTree = "<group>"; };
		2D626E5A1EF07D4B0057AC3F /* AccountPrefs.swift */ = {isa = PBXFileReference; fileEncoding = 4; lastKnownFileType = sourcecode.swift; path = AccountPrefs.swift; sourceTree = "<group>"; };
		2D626E5B1EF07D4B0057AC3F /* AccountPrefs.xib */ = {isa = PBXFileReference; fileEncoding = 4; lastKnownFileType = file.xib; path = AccountPrefs.xib; sourceTree = "<group>"; };
		2D697DBE1EF06BCD0053F576 /* XMLtoAtarashiiFormat.h */ = {isa = PBXFileReference; fileEncoding = 4; lastKnownFileType = sourcecode.c.h; path = XMLtoAtarashiiFormat.h; sourceTree = "<group>"; };
		2D697DBF1EF06BCD0053F576 /* XMLtoAtarashiiFormat.m */ = {isa = PBXFileReference; fileEncoding = 4; lastKnownFileType = sourcecode.c.objc; path = XMLtoAtarashiiFormat.m; sourceTree = "<group>"; };
		2D697DD51EF073410053F576 /* GeneralPref.swift */ = {isa = PBXFileReference; fileEncoding = 4; lastKnownFileType = sourcecode.swift; path = GeneralPref.swift; sourceTree = "<group>"; };
		2D697DD61EF073410053F576 /* GeneralPref.xib */ = {isa = PBXFileReference; fileEncoding = 4; lastKnownFileType = file.xib; path = GeneralPref.xib; sourceTree = "<group>"; };
		2D697DD91EF074700053F576 /* MASPreferences.framework */ = {isa = PBXFileReference; lastKnownFileType = wrapper.framework; path = MASPreferences.framework; sourceTree = "<group>"; };
		2D950EA91EE1D2D7002BBF50 /* MyAnimeList.swift */ = {isa = PBXFileReference; fileEncoding = 4; lastKnownFileType = sourcecode.swift; path = MyAnimeList.swift; sourceTree = "<group>"; };
		2D950EAB1EE1D317002BBF50 /* ListEntry.swift */ = {isa = PBXFileReference; fileEncoding = 4; lastKnownFileType = sourcecode.swift; path = ListEntry.swift; sourceTree = "<group>"; };
		2D950EAD1EE1D4CC002BBF50 /* Alamofire.xcodeproj */ = {isa = PBXFileReference; lastKnownFileType = "wrapper.pb-project"; name = Alamofire.xcodeproj; path = Alamofire/Alamofire.xcodeproj; sourceTree = "<group>"; };
		2D96BBA91EF05CAA00EA12A1 /* Utility.swift */ = {isa = PBXFileReference; fileEncoding = 4; lastKnownFileType = sourcecode.swift; path = Utility.swift; sourceTree = "<group>"; };
		2D96BBBB1EF05F0F00EA12A1 /* AniLibrary Sync-Bridging-Header.h */ = {isa = PBXFileReference; lastKnownFileType = sourcecode.c.h; path = "AniLibrary Sync-Bridging-Header.h"; sourceTree = "<group>"; };
		2D96BBBC1EF05F1000EA12A1 /* SSKeychain.h */ = {isa = PBXFileReference; fileEncoding = 4; lastKnownFileType = sourcecode.c.h; path = SSKeychain.h; sourceTree = "<group>"; };
		2D96BBBD1EF05F1000EA12A1 /* SSKeychain.m */ = {isa = PBXFileReference; fileEncoding = 4; lastKnownFileType = sourcecode.c.objc; path = SSKeychain.m; sourceTree = "<group>"; };
		2D96BBBE1EF05F1000EA12A1 /* SSKeychainQuery.h */ = {isa = PBXFileReference; fileEncoding = 4; lastKnownFileType = sourcecode.c.h; path = SSKeychainQuery.h; sourceTree = "<group>"; };
		2D96BBBF1EF05F1000EA12A1 /* SSKeychainQuery.m */ = {isa = PBXFileReference; fileEncoding = 4; lastKnownFileType = sourcecode.c.objc; path = SSKeychainQuery.m; sourceTree = "<group>"; };
		2D96BBC21EF0653B00EA12A1 /* XMLReader.h */ = {isa = PBXFileReference; fileEncoding = 4; lastKnownFileType = sourcecode.c.h; path = XMLReader.h; sourceTree = "<group>"; };
		2D96BBC31EF0653B00EA12A1 /* XMLReader.m */ = {isa = PBXFileReference; fileEncoding = 4; lastKnownFileType = sourcecode.c.objc; path = XMLReader.m; sourceTree = "<group>"; };
		2DA4A1801EF08E06007BFD33 /* useraccountviewer.swift */ = {isa = PBXFileReference; fileEncoding = 4; lastKnownFileType = sourcecode.swift; path = useraccountviewer.swift; sourceTree = "<group>"; };
		2DA4A1811EF08E06007BFD33 /* useraccountviewer.xib */ = {isa = PBXFileReference; fileEncoding = 4; lastKnownFileType = file.xib; path = useraccountviewer.xib; sourceTree = "<group>"; };
		2DDFFEFF1EEEF47100EB1509 /* OAuthSwift.xcodeproj */ = {isa = PBXFileReference; lastKnownFileType = "wrapper.pb-project"; name = OAuthSwift.xcodeproj; path = Alamofire/../OAuthSwift/OAuthSwift.xcodeproj; sourceTree = "<group>"; };
		2DDFFF241EEEF4DF00EB1509 /* OAuthSwift-Alamofire.xcodeproj */ = {isa = PBXFileReference; lastKnownFileType = "wrapper.pb-project"; name = "OAuthSwift-Alamofire.xcodeproj"; path = "OAuthSwiftAlamofire/OAuthSwift-Alamofire.xcodeproj"; sourceTree = "<group>"; };
/* End PBXFileReference section */

/* Begin PBXFrameworksBuildPhase section */
		2D2A609B1EDF9772007CB521 /* Frameworks */ = {
			isa = PBXFrameworksBuildPhase;
			buildActionMask = 2147483647;
			files = (
				2DDFFF201EEEF49700EB1509 /* OAuthSwift.framework in Frameworks */,
				2D950ED01EE1D6F5002BBF50 /* Alamofire.framework in Frameworks */,
				2D697DDA1EF074700053F576 /* MASPreferences.framework in Frameworks */,
				2D626E451EF074C50057AC3F /* MASPreferences.framework in Frameworks */,
				2DDFFF441EEEF4FB00EB1509 /* OAuthSwiftAlamofire.framework in Frameworks */,
			);
			runOnlyForDeploymentPostprocessing = 0;
		};
/* End PBXFrameworksBuildPhase section */

/* Begin PBXGroup section */
		2D2A60951EDF9772007CB521 = {
			isa = PBXGroup;
			children = (
				2D2A60A01EDF9772007CB521 /* AniLibrary Sync */,
				2D2A609F1EDF9772007CB521 /* Products */,
				2DDFFF241EEEF4DF00EB1509 /* OAuthSwift-Alamofire.xcodeproj */,
				2DDFFEFF1EEEF47100EB1509 /* OAuthSwift.xcodeproj */,
				2D950EAD1EE1D4CC002BBF50 /* Alamofire.xcodeproj */,
			);
			sourceTree = "<group>";
		};
		2D2A609F1EDF9772007CB521 /* Products */ = {
			isa = PBXGroup;
			children = (
				2D2A609E1EDF9772007CB521 /* AniLibrary Sync.app */,
			);
			name = Products;
			sourceTree = "<group>";
		};
		2D2A60A01EDF9772007CB521 /* AniLibrary Sync */ = {
			isa = PBXGroup;
			children = (
				2D626E571EF07D110057AC3F /* Preferences */,
				2D96BBBC1EF05F1000EA12A1 /* SSKeychain.h */,
				2D96BBBD1EF05F1000EA12A1 /* SSKeychain.m */,
				2D96BBBE1EF05F1000EA12A1 /* SSKeychainQuery.h */,
				2D96BBBF1EF05F1000EA12A1 /* SSKeychainQuery.m */,
				2D96BBC21EF0653B00EA12A1 /* XMLReader.h */,
				2D96BBC31EF0653B00EA12A1 /* XMLReader.m */,
				2D2A60A11EDF9772007CB521 /* AppDelegate.swift */,
				2D950EA91EE1D2D7002BBF50 /* MyAnimeList.swift */,
				2DA4A1801EF08E06007BFD33 /* useraccountviewer.swift */,
				2DA4A1811EF08E06007BFD33 /* useraccountviewer.xib */,
				2D950EAB1EE1D317002BBF50 /* ListEntry.swift */,
				2D2A60A31EDF9772007CB521 /* Assets.xcassets */,
				2D2A60A51EDF9773007CB521 /* MainMenu.xib */,
				2D2A60A81EDF9773007CB521 /* Info.plist */,
				2D96BBA91EF05CAA00EA12A1 /* Utility.swift */,
				2D96BBBB1EF05F0F00EA12A1 /* AniLibrary Sync-Bridging-Header.h */,
				2D697DBE1EF06BCD0053F576 /* XMLtoAtarashiiFormat.h */,
				2D697DBF1EF06BCD0053F576 /* XMLtoAtarashiiFormat.m */,
				2D697DD91EF074700053F576 /* MASPreferences.framework */,
			);
			path = "AniLibrary Sync";
			sourceTree = "<group>";
		};
		2D626E571EF07D110057AC3F /* Preferences */ = {
			isa = PBXGroup;
			children = (
				2D626E5A1EF07D4B0057AC3F /* AccountPrefs.swift */,
				2D626E5B1EF07D4B0057AC3F /* AccountPrefs.xib */,
				2D697DD51EF073410053F576 /* GeneralPref.swift */,
				2D697DD61EF073410053F576 /* GeneralPref.xib */,
			);
			name = Preferences;
			sourceTree = "<group>";
		};
		2D950EAE1EE1D4CC002BBF50 /* Products */ = {
			isa = PBXGroup;
			children = (
				2D950EB91EE1D4CC002BBF50 /* Alamofire.framework */,
				2D950EBB1EE1D4CC002BBF50 /* Alamofire iOS Tests.xctest */,
				2D950EBD1EE1D4CC002BBF50 /* Alamofire.framework */,
				2D950EBF1EE1D4CC002BBF50 /* Alamofire macOS Tests.xctest */,
				2D950EC11EE1D4CC002BBF50 /* Alamofire.framework */,
				2D950EC31EE1D4CC002BBF50 /* Alamofire tvOS Tests.xctest */,
				2D950EC51EE1D4CC002BBF50 /* Alamofire.framework */,
			);
			name = Products;
			sourceTree = "<group>";
		};
		2DDFFF001EEEF47100EB1509 /* Products */ = {
			isa = PBXGroup;
			children = (
				2DDFFF111EEEF47100EB1509 /* OAuthSwift.framework */,
				2DDFFF131EEEF47100EB1509 /* OAuthSwift.framework */,
				2DDFFF151EEEF47100EB1509 /* OAuthSwift.framework */,
				2DDFFF171EEEF47100EB1509 /* OAuthSwift.framework */,
				2DDFFF191EEEF47100EB1509 /* OAuthSwiftDemo.app */,
				2DDFFF1B1EEEF47100EB1509 /* OAuthSwiftOSXDemo.app */,
				2DDFFF1D1EEEF47100EB1509 /* OAuthSwiftTests.xctest */,
			);
			name = Products;
			sourceTree = "<group>";
		};
		2DDFFF251EEEF4DF00EB1509 /* Products */ = {
			isa = PBXGroup;
			children = (
				2DDFFF2C1EEEF4E000EB1509 /* OAuthSwiftAlamofire.framework */,
				2DDFFF2E1EEEF4E000EB1509 /* OAuthSwiftAlamofire.framework */,
				2DDFFF301EEEF4E000EB1509 /* OAuthSwiftAlamofire.framework */,
				2DDFFF321EEEF4E000EB1509 /* OAuthSwiftAlamofireTests.xctest */,
			);
			name = Products;
			sourceTree = "<group>";
		};
/* End PBXGroup section */

/* Begin PBXNativeTarget section */
		2D2A609D1EDF9772007CB521 /* AniLibrary Sync */ = {
			isa = PBXNativeTarget;
			buildConfigurationList = 2D2A60AB1EDF9773007CB521 /* Build configuration list for PBXNativeTarget "AniLibrary Sync" */;
			buildPhases = (
				2D2A609A1EDF9772007CB521 /* Sources */,
				2D2A609B1EDF9772007CB521 /* Frameworks */,
				2D2A609C1EDF9772007CB521 /* Resources */,
				2D950ED41EE1D6F5002BBF50 /* Embed Frameworks */,
			);
			buildRules = (
			);
			dependencies = (
				2DDFFF431EEEF4F300EB1509 /* PBXTargetDependency */,
				2DDFFF1F1EEEF48900EB1509 /* PBXTargetDependency */,
				2D950ED31EE1D6F5002BBF50 /* PBXTargetDependency */,
				2DDFFF231EEEF49700EB1509 /* PBXTargetDependency */,
				2DDFFF471EEEF4FB00EB1509 /* PBXTargetDependency */,
			);
			name = "AniLibrary Sync";
			productName = "AniLibrary Sync";
			productReference = 2D2A609E1EDF9772007CB521 /* AniLibrary Sync.app */;
			productType = "com.apple.product-type.application";
		};
/* End PBXNativeTarget section */

/* Begin PBXProject section */
		2D2A60961EDF9772007CB521 /* Project object */ = {
			isa = PBXProject;
			attributes = {
				LastSwiftUpdateCheck = 0820;
				LastUpgradeCheck = 0820;
				ORGANIZATIONNAME = "Atelier Shiori";
				TargetAttributes = {
					2D2A609D1EDF9772007CB521 = {
						CreatedOnToolsVersion = 8.2.1;
						DevelopmentTeam = 9HDZTER525;
						LastSwiftMigration = 0820;
						ProvisioningStyle = Automatic;
					};
				};
			};
			buildConfigurationList = 2D2A60991EDF9772007CB521 /* Build configuration list for PBXProject "AniLibrary Sync" */;
			compatibilityVersion = "Xcode 3.2";
			developmentRegion = English;
			hasScannedForEncodings = 0;
			knownRegions = (
				en,
				Base,
			);
			mainGroup = 2D2A60951EDF9772007CB521;
			productRefGroup = 2D2A609F1EDF9772007CB521 /* Products */;
			projectDirPath = "";
			projectReferences = (
				{
					ProductGroup = 2D950EAE1EE1D4CC002BBF50 /* Products */;
					ProjectRef = 2D950EAD1EE1D4CC002BBF50 /* Alamofire.xcodeproj */;
				},
				{
					ProductGroup = 2DDFFF251EEEF4DF00EB1509 /* Products */;
					ProjectRef = 2DDFFF241EEEF4DF00EB1509 /* OAuthSwift-Alamofire.xcodeproj */;
				},
				{
					ProductGroup = 2DDFFF001EEEF47100EB1509 /* Products */;
					ProjectRef = 2DDFFEFF1EEEF47100EB1509 /* OAuthSwift.xcodeproj */;
				},
			);
			projectRoot = "";
			targets = (
				2D2A609D1EDF9772007CB521 /* AniLibrary Sync */,
			);
		};
/* End PBXProject section */

/* Begin PBXReferenceProxy section */
		2D950EB91EE1D4CC002BBF50 /* Alamofire.framework */ = {
			isa = PBXReferenceProxy;
			fileType = wrapper.framework;
			path = Alamofire.framework;
			remoteRef = 2D950EB81EE1D4CC002BBF50 /* PBXContainerItemProxy */;
			sourceTree = BUILT_PRODUCTS_DIR;
		};
		2D950EBB1EE1D4CC002BBF50 /* Alamofire iOS Tests.xctest */ = {
			isa = PBXReferenceProxy;
			fileType = wrapper.cfbundle;
			path = "Alamofire iOS Tests.xctest";
			remoteRef = 2D950EBA1EE1D4CC002BBF50 /* PBXContainerItemProxy */;
			sourceTree = BUILT_PRODUCTS_DIR;
		};
		2D950EBD1EE1D4CC002BBF50 /* Alamofire.framework */ = {
			isa = PBXReferenceProxy;
			fileType = wrapper.framework;
			path = Alamofire.framework;
			remoteRef = 2D950EBC1EE1D4CC002BBF50 /* PBXContainerItemProxy */;
			sourceTree = BUILT_PRODUCTS_DIR;
		};
		2D950EBF1EE1D4CC002BBF50 /* Alamofire macOS Tests.xctest */ = {
			isa = PBXReferenceProxy;
			fileType = wrapper.cfbundle;
			path = "Alamofire macOS Tests.xctest";
			remoteRef = 2D950EBE1EE1D4CC002BBF50 /* PBXContainerItemProxy */;
			sourceTree = BUILT_PRODUCTS_DIR;
		};
		2D950EC11EE1D4CC002BBF50 /* Alamofire.framework */ = {
			isa = PBXReferenceProxy;
			fileType = wrapper.framework;
			path = Alamofire.framework;
			remoteRef = 2D950EC01EE1D4CC002BBF50 /* PBXContainerItemProxy */;
			sourceTree = BUILT_PRODUCTS_DIR;
		};
		2D950EC31EE1D4CC002BBF50 /* Alamofire tvOS Tests.xctest */ = {
			isa = PBXReferenceProxy;
			fileType = wrapper.cfbundle;
			path = "Alamofire tvOS Tests.xctest";
			remoteRef = 2D950EC21EE1D4CC002BBF50 /* PBXContainerItemProxy */;
			sourceTree = BUILT_PRODUCTS_DIR;
		};
		2D950EC51EE1D4CC002BBF50 /* Alamofire.framework */ = {
			isa = PBXReferenceProxy;
			fileType = wrapper.framework;
			path = Alamofire.framework;
			remoteRef = 2D950EC41EE1D4CC002BBF50 /* PBXContainerItemProxy */;
			sourceTree = BUILT_PRODUCTS_DIR;
		};
		2DDFFF111EEEF47100EB1509 /* OAuthSwift.framework */ = {
			isa = PBXReferenceProxy;
			fileType = wrapper.framework;
			path = OAuthSwift.framework;
			remoteRef = 2DDFFF101EEEF47100EB1509 /* PBXContainerItemProxy */;
			sourceTree = BUILT_PRODUCTS_DIR;
		};
		2DDFFF131EEEF47100EB1509 /* OAuthSwift.framework */ = {
			isa = PBXReferenceProxy;
			fileType = wrapper.framework;
			path = OAuthSwift.framework;
			remoteRef = 2DDFFF121EEEF47100EB1509 /* PBXContainerItemProxy */;
			sourceTree = BUILT_PRODUCTS_DIR;
		};
		2DDFFF151EEEF47100EB1509 /* OAuthSwift.framework */ = {
			isa = PBXReferenceProxy;
			fileType = wrapper.framework;
			path = OAuthSwift.framework;
			remoteRef = 2DDFFF141EEEF47100EB1509 /* PBXContainerItemProxy */;
			sourceTree = BUILT_PRODUCTS_DIR;
		};
		2DDFFF171EEEF47100EB1509 /* OAuthSwift.framework */ = {
			isa = PBXReferenceProxy;
			fileType = wrapper.framework;
			path = OAuthSwift.framework;
			remoteRef = 2DDFFF161EEEF47100EB1509 /* PBXContainerItemProxy */;
			sourceTree = BUILT_PRODUCTS_DIR;
		};
		2DDFFF191EEEF47100EB1509 /* OAuthSwiftDemo.app */ = {
			isa = PBXReferenceProxy;
			fileType = wrapper.application;
			path = OAuthSwiftDemo.app;
			remoteRef = 2DDFFF181EEEF47100EB1509 /* PBXContainerItemProxy */;
			sourceTree = BUILT_PRODUCTS_DIR;
		};
		2DDFFF1B1EEEF47100EB1509 /* OAuthSwiftOSXDemo.app */ = {
			isa = PBXReferenceProxy;
			fileType = wrapper.application;
			path = OAuthSwiftOSXDemo.app;
			remoteRef = 2DDFFF1A1EEEF47100EB1509 /* PBXContainerItemProxy */;
			sourceTree = BUILT_PRODUCTS_DIR;
		};
		2DDFFF1D1EEEF47100EB1509 /* OAuthSwiftTests.xctest */ = {
			isa = PBXReferenceProxy;
			fileType = wrapper.cfbundle;
			path = OAuthSwiftTests.xctest;
			remoteRef = 2DDFFF1C1EEEF47100EB1509 /* PBXContainerItemProxy */;
			sourceTree = BUILT_PRODUCTS_DIR;
		};
		2DDFFF2C1EEEF4E000EB1509 /* OAuthSwiftAlamofire.framework */ = {
			isa = PBXReferenceProxy;
			fileType = wrapper.framework;
			path = OAuthSwiftAlamofire.framework;
			remoteRef = 2DDFFF2B1EEEF4E000EB1509 /* PBXContainerItemProxy */;
			sourceTree = BUILT_PRODUCTS_DIR;
		};
		2DDFFF2E1EEEF4E000EB1509 /* OAuthSwiftAlamofire.framework */ = {
			isa = PBXReferenceProxy;
			fileType = wrapper.framework;
			path = OAuthSwiftAlamofire.framework;
			remoteRef = 2DDFFF2D1EEEF4E000EB1509 /* PBXContainerItemProxy */;
			sourceTree = BUILT_PRODUCTS_DIR;
		};
		2DDFFF301EEEF4E000EB1509 /* OAuthSwiftAlamofire.framework */ = {
			isa = PBXReferenceProxy;
			fileType = wrapper.framework;
			path = OAuthSwiftAlamofire.framework;
			remoteRef = 2DDFFF2F1EEEF4E000EB1509 /* PBXContainerItemProxy */;
			sourceTree = BUILT_PRODUCTS_DIR;
		};
		2DDFFF321EEEF4E000EB1509 /* OAuthSwiftAlamofireTests.xctest */ = {
			isa = PBXReferenceProxy;
			fileType = wrapper.cfbundle;
			path = OAuthSwiftAlamofireTests.xctest;
			remoteRef = 2DDFFF311EEEF4E000EB1509 /* PBXContainerItemProxy */;
			sourceTree = BUILT_PRODUCTS_DIR;
		};
/* End PBXReferenceProxy section */

/* Begin PBXResourcesBuildPhase section */
		2D2A609C1EDF9772007CB521 /* Resources */ = {
			isa = PBXResourcesBuildPhase;
			buildActionMask = 2147483647;
			files = (
				2DA4A1831EF08E06007BFD33 /* useraccountviewer.xib in Resources */,
				2D2A60A41EDF9772007CB521 /* Assets.xcassets in Resources */,
				2D2A60A71EDF9773007CB521 /* MainMenu.xib in Resources */,
				2D626E5D1EF07D4B0057AC3F /* AccountPrefs.xib in Resources */,
				2D697DD81EF073410053F576 /* GeneralPref.xib in Resources */,
			);
			runOnlyForDeploymentPostprocessing = 0;
		};
/* End PBXResourcesBuildPhase section */

/* Begin PBXSourcesBuildPhase section */
		2D2A609A1EDF9772007CB521 /* Sources */ = {
			isa = PBXSourcesBuildPhase;
			buildActionMask = 2147483647;
			files = (
				2D626E5C1EF07D4B0057AC3F /* AccountPrefs.swift in Sources */,
				2D96BBAA1EF05CAA00EA12A1 /* Utility.swift in Sources */,
				2D950EAA1EE1D2D7002BBF50 /* MyAnimeList.swift in Sources */,
				2D96BBC01EF05F1000EA12A1 /* SSKeychain.m in Sources */,
				2D697DD71EF073410053F576 /* GeneralPref.swift in Sources */,
				2D96BBC11EF05F1000EA12A1 /* SSKeychainQuery.m in Sources */,
				2D697DC01EF06BCD0053F576 /* XMLtoAtarashiiFormat.m in Sources */,
				2D2A60A21EDF9772007CB521 /* AppDelegate.swift in Sources */,
				2D950EAC1EE1D317002BBF50 /* ListEntry.swift in Sources */,
				2DA4A1821EF08E06007BFD33 /* useraccountviewer.swift in Sources */,
				2D96BBC41EF0653B00EA12A1 /* XMLReader.m in Sources */,
			);
			runOnlyForDeploymentPostprocessing = 0;
		};
/* End PBXSourcesBuildPhase section */

/* Begin PBXTargetDependency section */
		2D950ED31EE1D6F5002BBF50 /* PBXTargetDependency */ = {
			isa = PBXTargetDependency;
			name = "Alamofire macOS";
			targetProxy = 2D950ED21EE1D6F5002BBF50 /* PBXContainerItemProxy */;
		};
		2DDFFF1F1EEEF48900EB1509 /* PBXTargetDependency */ = {
			isa = PBXTargetDependency;
			name = OAuthSwiftOSX;
			targetProxy = 2DDFFF1E1EEEF48900EB1509 /* PBXContainerItemProxy */;
		};
		2DDFFF231EEEF49700EB1509 /* PBXTargetDependency */ = {
			isa = PBXTargetDependency;
			name = OAuthSwiftOSX;
			targetProxy = 2DDFFF221EEEF49700EB1509 /* PBXContainerItemProxy */;
		};
		2DDFFF431EEEF4F300EB1509 /* PBXTargetDependency */ = {
			isa = PBXTargetDependency;
			name = OAuthSwiftAlamofireOSX;
			targetProxy = 2DDFFF421EEEF4F300EB1509 /* PBXContainerItemProxy */;
		};
		2DDFFF471EEEF4FB00EB1509 /* PBXTargetDependency */ = {
			isa = PBXTargetDependency;
			name = OAuthSwiftAlamofireOSX;
			targetProxy = 2DDFFF461EEEF4FB00EB1509 /* PBXContainerItemProxy */;
		};
/* End PBXTargetDependency section */

/* Begin PBXVariantGroup section */
		2D2A60A51EDF9773007CB521 /* MainMenu.xib */ = {
			isa = PBXVariantGroup;
			children = (
				2D2A60A61EDF9773007CB521 /* Base */,
			);
			name = MainMenu.xib;
			sourceTree = "<group>";
		};
/* End PBXVariantGroup section */

/* Begin XCBuildConfiguration section */
		2D2A60A91EDF9773007CB521 /* Debug */ = {
			isa = XCBuildConfiguration;
			buildSettings = {
				ALWAYS_SEARCH_USER_PATHS = NO;
				CLANG_ANALYZER_NONNULL = YES;
				CLANG_CXX_LANGUAGE_STANDARD = "gnu++0x";
				CLANG_CXX_LIBRARY = "libc++";
				CLANG_ENABLE_MODULES = YES;
				CLANG_ENABLE_OBJC_ARC = YES;
				CLANG_WARN_BOOL_CONVERSION = YES;
				CLANG_WARN_CONSTANT_CONVERSION = YES;
				CLANG_WARN_DIRECT_OBJC_ISA_USAGE = YES_ERROR;
				CLANG_WARN_DOCUMENTATION_COMMENTS = YES;
				CLANG_WARN_EMPTY_BODY = YES;
				CLANG_WARN_ENUM_CONVERSION = YES;
				CLANG_WARN_INFINITE_RECURSION = YES;
				CLANG_WARN_INT_CONVERSION = YES;
				CLANG_WARN_OBJC_ROOT_CLASS = YES_ERROR;
				CLANG_WARN_SUSPICIOUS_MOVE = YES;
				CLANG_WARN_UNREACHABLE_CODE = YES;
				CLANG_WARN__DUPLICATE_METHOD_MATCH = YES;
				CODE_SIGN_IDENTITY = "-";
				COPY_PHASE_STRIP = NO;
				DEBUG_INFORMATION_FORMAT = dwarf;
				ENABLE_STRICT_OBJC_MSGSEND = YES;
				ENABLE_TESTABILITY = YES;
				FRAMEWORK_SEARCH_PATHS = "$(SRCROOT)/**";
				GCC_C_LANGUAGE_STANDARD = gnu99;
				GCC_DYNAMIC_NO_PIC = NO;
				GCC_NO_COMMON_BLOCKS = YES;
				GCC_OPTIMIZATION_LEVEL = 0;
				GCC_PREPROCESSOR_DEFINITIONS = (
					"DEBUG=1",
					"$(inherited)",
				);
				GCC_WARN_64_TO_32_BIT_CONVERSION = YES;
				GCC_WARN_ABOUT_RETURN_TYPE = YES_ERROR;
				GCC_WARN_UNDECLARED_SELECTOR = YES;
				GCC_WARN_UNINITIALIZED_AUTOS = YES_AGGRESSIVE;
				GCC_WARN_UNUSED_FUNCTION = YES;
				GCC_WARN_UNUSED_VARIABLE = YES;
				MACOSX_DEPLOYMENT_TARGET = 10.12;
				MTL_ENABLE_DEBUG_INFO = YES;
				ONLY_ACTIVE_ARCH = YES;
				SDKROOT = macosx;
				SWIFT_ACTIVE_COMPILATION_CONDITIONS = DEBUG;
				SWIFT_INSTALL_OBJC_HEADER = YES;
				SWIFT_OBJC_BRIDGING_HEADER = "AniLibrary Sync/AniLibrary Sync-Bridging-Header.h";
				SWIFT_OPTIMIZATION_LEVEL = "-Onone";
			};
			name = Debug;
		};
		2D2A60AA1EDF9773007CB521 /* Release */ = {
			isa = XCBuildConfiguration;
			buildSettings = {
				ALWAYS_SEARCH_USER_PATHS = NO;
				CLANG_ANALYZER_NONNULL = YES;
				CLANG_CXX_LANGUAGE_STANDARD = "gnu++0x";
				CLANG_CXX_LIBRARY = "libc++";
				CLANG_ENABLE_MODULES = YES;
				CLANG_ENABLE_OBJC_ARC = YES;
				CLANG_WARN_BOOL_CONVERSION = YES;
				CLANG_WARN_CONSTANT_CONVERSION = YES;
				CLANG_WARN_DIRECT_OBJC_ISA_USAGE = YES_ERROR;
				CLANG_WARN_DOCUMENTATION_COMMENTS = YES;
				CLANG_WARN_EMPTY_BODY = YES;
				CLANG_WARN_ENUM_CONVERSION = YES;
				CLANG_WARN_INFINITE_RECURSION = YES;
				CLANG_WARN_INT_CONVERSION = YES;
				CLANG_WARN_OBJC_ROOT_CLASS = YES_ERROR;
				CLANG_WARN_SUSPICIOUS_MOVE = YES;
				CLANG_WARN_UNREACHABLE_CODE = YES;
				CLANG_WARN__DUPLICATE_METHOD_MATCH = YES;
				CODE_SIGN_IDENTITY = "-";
				COPY_PHASE_STRIP = NO;
				DEBUG_INFORMATION_FORMAT = "dwarf-with-dsym";
				ENABLE_NS_ASSERTIONS = NO;
				ENABLE_STRICT_OBJC_MSGSEND = YES;
				FRAMEWORK_SEARCH_PATHS = "$(SRCROOT)/**";
				GCC_C_LANGUAGE_STANDARD = gnu99;
				GCC_NO_COMMON_BLOCKS = YES;
				GCC_WARN_64_TO_32_BIT_CONVERSION = YES;
				GCC_WARN_ABOUT_RETURN_TYPE = YES_ERROR;
				GCC_WARN_UNDECLARED_SELECTOR = YES;
				GCC_WARN_UNINITIALIZED_AUTOS = YES_AGGRESSIVE;
				GCC_WARN_UNUSED_FUNCTION = YES;
				GCC_WARN_UNUSED_VARIABLE = YES;
				MACOSX_DEPLOYMENT_TARGET = 10.12;
				MTL_ENABLE_DEBUG_INFO = NO;
				SDKROOT = macosx;
				SWIFT_INSTALL_OBJC_HEADER = YES;
				SWIFT_OBJC_BRIDGING_HEADER = "AniLibrary Sync/AniLibrary Sync-Bridging-Header.h";
				SWIFT_OPTIMIZATION_LEVEL = "-Owholemodule";
			};
			name = Release;
		};
		2D2A60AC1EDF9773007CB521 /* Debug */ = {
			isa = XCBuildConfiguration;
			buildSettings = {
				ALWAYS_EMBED_SWIFT_STANDARD_LIBRARIES = YES;
				ASSETCATALOG_COMPILER_APPICON_NAME = AppIcon;
				CLANG_ENABLE_MODULES = YES;
				CODE_SIGN_IDENTITY = "Mac Developer";
				COMBINE_HIDPI_IMAGES = YES;
				DEVELOPMENT_TEAM = 9HDZTER525;
				FRAMEWORK_SEARCH_PATHS = (
					"$(inherited)",
					"$(PROJECT_DIR)/AniLibrary\\ Sync",
					"$(PROJECT_DIR)/AniLibrary\\ Sync",
					"$(PROJECT_DIR)/AniLibrary\\ Sync",
					"$(PROJECT_DIR)/AniLibrary\\ Sync",
					"$(SRCROOT)/**",
				);
				INFOPLIST_FILE = "AniLibrary Sync/Info.plist";
				LD_RUNPATH_SEARCH_PATHS = "$(inherited) @executable_path/../Frameworks";
				MACOSX_DEPLOYMENT_TARGET = 10.10;
				PRODUCT_BUNDLE_IDENTIFIER = "moe.ateliershiori.AniLibrary-Sync";
				PRODUCT_NAME = "$(TARGET_NAME)";
				SWIFT_INSTALL_OBJC_HEADER = YES;
				SWIFT_OBJC_BRIDGING_HEADER = "AniLibrary Sync/AniLibrary Sync-Bridging-Header.h";
				SWIFT_OPTIMIZATION_LEVEL = "-Onone";
				SWIFT_VERSION = 3.0;
			};
			name = Debug;
		};
		2D2A60AD1EDF9773007CB521 /* Release */ = {
			isa = XCBuildConfiguration;
			buildSettings = {
				ALWAYS_EMBED_SWIFT_STANDARD_LIBRARIES = YES;
				ASSETCATALOG_COMPILER_APPICON_NAME = AppIcon;
				CLANG_ENABLE_MODULES = YES;
				CODE_SIGN_IDENTITY = "Mac Developer";
				COMBINE_HIDPI_IMAGES = YES;
				DEVELOPMENT_TEAM = 9HDZTER525;
				FRAMEWORK_SEARCH_PATHS = (
					"$(inherited)",
					"$(PROJECT_DIR)/AniLibrary\\ Sync",
					"$(PROJECT_DIR)/AniLibrary\\ Sync",
					"$(PROJECT_DIR)/AniLibrary\\ Sync",
					"$(PROJECT_DIR)/AniLibrary\\ Sync",
					"$(SRCROOT)/**",
				);
				INFOPLIST_FILE = "AniLibrary Sync/Info.plist";
				LD_RUNPATH_SEARCH_PATHS = "$(inherited) @executable_path/../Frameworks";
				MACOSX_DEPLOYMENT_TARGET = 10.10;
				PRODUCT_BUNDLE_IDENTIFIER = "moe.ateliershiori.AniLibrary-Sync";
				PRODUCT_NAME = "$(TARGET_NAME)";
				SWIFT_INSTALL_OBJC_HEADER = YES;
				SWIFT_OBJC_BRIDGING_HEADER = "AniLibrary Sync/AniLibrary Sync-Bridging-Header.h";
				SWIFT_VERSION = 3.0;
			};
			name = Release;
		};
/* End XCBuildConfiguration section */

/* Begin XCConfigurationList section */
		2D2A60991EDF9772007CB521 /* Build configuration list for PBXProject "AniLibrary Sync" */ = {
			isa = XCConfigurationList;
			buildConfigurations = (
				2D2A60A91EDF9773007CB521 /* Debug */,
				2D2A60AA1EDF9773007CB521 /* Release */,
			);
			defaultConfigurationIsVisible = 0;
			defaultConfigurationName = Release;
		};
		2D2A60AB1EDF9773007CB521 /* Build configuration list for PBXNativeTarget "AniLibrary Sync" */ = {
			isa = XCConfigurationList;
			buildConfigurations = (
				2D2A60AC1EDF9773007CB521 /* Debug */,
				2D2A60AD1EDF9773007CB521 /* Release */,
			);
			defaultConfigurationIsVisible = 0;
			defaultConfigurationName = Release;
		};
/* End XCConfigurationList section */
	};
	rootObject = 2D2A60961EDF9772007CB521 /* Project object */;
}
